[root]
name = "avion"
version = "0.1.0"
dependencies = [
 "byteorder 0.4.2 (registry+https://github.com/rust-lang/crates.io-index)",
 "dormin 0.1.0 (git+https://github.com/indefini/dormin.git)",
 "joker-sys 0.1.0 (git+https://github.com/drasich/joker.git)",
 "lazy_static 0.1.15 (registry+https://github.com/rust-lang/crates.io-index)",
 "libc 0.2.7 (registry+https://github.com/rust-lang/crates.io-index)",
 "lua 0.3.0 (git+https://github.com/indefini/rust-lua.git)",
 "png 0.1.0 (git+https://github.com/indefini/rust-png.git)",
 "rustc-serialize 0.3.16 (git+https://github.com/indefini/rustc-serialize.git)",
 "toml 0.1.27 (git+https://github.com/alexcrichton/toml-rs)",
 "uuid 0.1.18 (git+https://github.com/rust-lang/uuid.git)",
]

[[package]]
name = "byteorder"
version = "0.4.2"
source = "registry+https://github.com/rust-lang/crates.io-index"

[[package]]
name = "cypher-sys"
version = "0.1.0"
source = "git+https://github.com/drasich/cypher.git#afbf77e1876ba6c6f0738fea11cc6d38429a614f"
dependencies = [
 "gcc 0.3.24 (registry+https://github.com/rust-lang/crates.io-index)",
 "libc 0.2.7 (registry+https://github.com/rust-lang/crates.io-index)",
 "pkg-config 0.3.7 (registry+https://github.com/rust-lang/crates.io-index)",
]

[[package]]
name = "dormin"
version = "0.1.0"
source = "git+https://github.com/indefini/dormin.git#436c439148da0bb5ee3284d071c6ee8720806363"
dependencies = [
 "byteorder 0.4.2 (registry+https://github.com/rust-lang/crates.io-index)",
 "cypher-sys 0.1.0 (git+https://github.com/drasich/cypher.git)",
 "lazy_static 0.1.15 (registry+https://github.com/rust-lang/crates.io-index)",
 "libc 0.2.7 (registry+https://github.com/rust-lang/crates.io-index)",
 "lua 0.3.0 (git+https://github.com/indefini/rust-lua.git)",
 "png 0.1.0 (git+https://github.com/indefini/rust-png.git)",
 "rustc-serialize 0.3.16 (git+https://github.com/indefini/rustc-serialize.git)",
 "toml 0.1.27 (git+https://github.com/alexcrichton/toml-rs)",
 "uuid 0.1.18 (git+https://github.com/rust-lang/uuid.git)",
]

[[package]]
name = "gcc"
version = "0.3.24"
source = "registry+https://github.com/rust-lang/crates.io-index"

[[package]]
name = "joker-sys"
version = "0.1.0"
source = "git+https://github.com/drasich/joker.git#147056a44973ce659eefa330d973e99703193ce4"
dependencies = [
 "cypher-sys 0.1.0 (git+https://github.com/drasich/cypher.git)",
 "gcc 0.3.24 (registry+https://github.com/rust-lang/crates.io-index)",
 "libc 0.2.7 (registry+https://github.com/rust-lang/crates.io-index)",
 "pkg-config 0.3.7 (registry+https://github.com/rust-lang/crates.io-index)",
]

[[package]]
name = "lazy_static"
version = "0.1.15"
source = "registry+https://github.com/rust-lang/crates.io-index"

[[package]]
name = "libc"
version = "0.2.7"
source = "registry+https://github.com/rust-lang/crates.io-index"

[[package]]
name = "libz-sys"
version = "1.0.1"
source = "registry+https://github.com/rust-lang/crates.io-index"
dependencies = [
 "gcc 0.3.24 (registry+https://github.com/rust-lang/crates.io-index)",
 "libc 0.2.7 (registry+https://github.com/rust-lang/crates.io-index)",
 "pkg-config 0.3.7 (registry+https://github.com/rust-lang/crates.io-index)",
]

[[package]]
name = "lua"
version = "0.3.0"
source = "git+https://github.com/indefini/rust-lua.git#0f24e6e3e8582ad9422e3c65eba2fe006e170713"
dependencies = [
 "libc 0.2.7 (registry+https://github.com/rust-lang/crates.io-index)",
]

[[package]]
name = "pkg-config"
version = "0.3.7"
source = "registry+https://github.com/rust-lang/crates.io-index"

[[package]]
name = "png"
version = "0.1.0"
source = "git+https://github.com/indefini/rust-png.git#81f5fc68cec331c376d3a9db5ac8a05efce5a07b"
dependencies = [
 "gcc 0.3.24 (registry+https://github.com/rust-lang/crates.io-index)",
 "libc 0.2.7 (registry+https://github.com/rust-lang/crates.io-index)",
 "png_sys 1.6.16 (git+https://github.com/indefini/rust-png.git)",
]

[[package]]
name = "png_sys"
version = "1.6.16"
source = "git+https://github.com/indefini/rust-png.git#81f5fc68cec331c376d3a9db5ac8a05efce5a07b"
dependencies = [
 "libz-sys 1.0.1 (registry+https://github.com/rust-lang/crates.io-index)",
]

[[package]]
name = "rand"
version = "0.3.14"
source = "registry+https://github.com/rust-lang/crates.io-index"
dependencies = [
 "libc 0.2.7 (registry+https://github.com/rust-lang/crates.io-index)",
]

[[package]]
name = "rustc-serialize"
version = "0.3.16"
source = "git+https://github.com/indefini/rustc-serialize.git#892dce5a90a30e33feb9853f0f8d333807abbf8e"

[[package]]
name = "rustc-serialize"
version = "0.3.18"
source = "registry+https://github.com/rust-lang/crates.io-index"

[[package]]
name = "toml"
version = "0.1.27"
source = "git+https://github.com/alexcrichton/toml-rs#77be56048c57614fd0f0a2e80c089861d68aadc3"
dependencies = [
 "rustc-serialize 0.3.18 (registry+https://github.com/rust-lang/crates.io-index)",
]

[[package]]
name = "uuid"
version = "0.1.18"
source = "git+https://github.com/rust-lang/uuid.git#5ad707c0a54e6c9a226852737b466018a517cf6f"
dependencies = [
 "rand 0.3.14 (registry+https://github.com/rust-lang/crates.io-index)",
 "rustc-serialize 0.3.18 (registry+https://github.com/rust-lang/crates.io-index)",
]

