[root]
name = "avion"
version = "0.1.0"
dependencies = [
 "byteorder 0.4.2 (registry+https://github.com/rust-lang/crates.io-index)",
 "cypher-sys 0.1.0 (git+https://github.com/drasich/cypher.git)",
 "joker-sys 0.1.0 (git+https://github.com/drasich/joker.git)",
 "lazy_static 0.1.15 (registry+https://github.com/rust-lang/crates.io-index)",
 "libc 0.2.4 (registry+https://github.com/rust-lang/crates.io-index)",
 "lua 0.2.0 (git+https://github.com/indefini/rust-lua.git)",
 "png 0.1.0 (git+https://github.com/servo/rust-png.git)",
 "rustc-serialize 0.3.15 (git+https://github.com/indefini/rustc-serialize.git)",
 "toml 0.1.25 (git+https://github.com/alexcrichton/toml-rs)",
 "uuid 0.1.18 (git+https://github.com/rust-lang/uuid.git)",
]

[[package]]
name = "advapi32-sys"
version = "0.1.2"
source = "registry+https://github.com/rust-lang/crates.io-index"
dependencies = [
 "winapi 0.2.5 (registry+https://github.com/rust-lang/crates.io-index)",
 "winapi-build 0.1.1 (registry+https://github.com/rust-lang/crates.io-index)",
]

[[package]]
name = "byteorder"
version = "0.4.2"
source = "registry+https://github.com/rust-lang/crates.io-index"

[[package]]
name = "cypher-sys"
version = "0.1.0"
source = "git+https://github.com/drasich/cypher.git#460fa1fe7fff4ea39c6481b844ead00557e4848f"
dependencies = [
 "gcc 0.3.21 (registry+https://github.com/rust-lang/crates.io-index)",
 "libc 0.2.4 (registry+https://github.com/rust-lang/crates.io-index)",
 "pkg-config 0.3.6 (registry+https://github.com/rust-lang/crates.io-index)",
]

[[package]]
name = "gcc"
version = "0.3.21"
source = "registry+https://github.com/rust-lang/crates.io-index"
dependencies = [
 "advapi32-sys 0.1.2 (registry+https://github.com/rust-lang/crates.io-index)",
 "winapi 0.2.5 (registry+https://github.com/rust-lang/crates.io-index)",
]

[[package]]
name = "joker-sys"
version = "0.1.0"
source = "git+https://github.com/drasich/joker.git#55452c467e26944452adbc110fcb3c22df252260"
dependencies = [
 "cypher-sys 0.1.0 (git+https://github.com/drasich/cypher.git)",
 "gcc 0.3.21 (registry+https://github.com/rust-lang/crates.io-index)",
 "libc 0.2.4 (registry+https://github.com/rust-lang/crates.io-index)",
 "pkg-config 0.3.6 (registry+https://github.com/rust-lang/crates.io-index)",
]

[[package]]
name = "lazy_static"
version = "0.1.15"
source = "registry+https://github.com/rust-lang/crates.io-index"

[[package]]
name = "libc"
version = "0.1.12"
source = "registry+https://github.com/rust-lang/crates.io-index"

[[package]]
name = "libc"
version = "0.2.4"
source = "registry+https://github.com/rust-lang/crates.io-index"

[[package]]
name = "libz-sys"
version = "0.1.9"
source = "registry+https://github.com/rust-lang/crates.io-index"
dependencies = [
 "gcc 0.3.21 (registry+https://github.com/rust-lang/crates.io-index)",
 "libc 0.1.12 (registry+https://github.com/rust-lang/crates.io-index)",
 "pkg-config 0.3.6 (registry+https://github.com/rust-lang/crates.io-index)",
]

[[package]]
name = "lua"
version = "0.2.0"
source = "git+https://github.com/indefini/rust-lua.git#fdc77617d2b017fb65cddcf5981a05ed43ab349c"
dependencies = [
 "libc 0.2.4 (registry+https://github.com/rust-lang/crates.io-index)",
]

[[package]]
name = "pkg-config"
version = "0.3.6"
source = "registry+https://github.com/rust-lang/crates.io-index"

[[package]]
name = "png"
version = "0.1.0"
source = "git+https://github.com/servo/rust-png.git#b8c2bf074719e5a39b9e4423989f5f06fa79317d"
dependencies = [
 "gcc 0.3.21 (registry+https://github.com/rust-lang/crates.io-index)",
 "libc 0.1.12 (registry+https://github.com/rust-lang/crates.io-index)",
 "png-sys 1.6.16 (git+https://github.com/servo/rust-png.git)",
]

[[package]]
name = "png-sys"
version = "1.6.16"
source = "git+https://github.com/servo/rust-png.git#b8c2bf074719e5a39b9e4423989f5f06fa79317d"
dependencies = [
 "libz-sys 0.1.9 (registry+https://github.com/rust-lang/crates.io-index)",
]

[[package]]
name = "rand"
version = "0.3.12"
source = "registry+https://github.com/rust-lang/crates.io-index"
dependencies = [
 "advapi32-sys 0.1.2 (registry+https://github.com/rust-lang/crates.io-index)",
 "libc 0.2.4 (registry+https://github.com/rust-lang/crates.io-index)",
 "winapi 0.2.5 (registry+https://github.com/rust-lang/crates.io-index)",
]

[[package]]
name = "rustc-serialize"
version = "0.3.15"
source = "git+https://github.com/indefini/rustc-serialize.git#f30213166a74b2b1bfbc197a42e3b194135ecdb4"

[[package]]
name = "rustc-serialize"
version = "0.3.16"
source = "registry+https://github.com/rust-lang/crates.io-index"

[[package]]
name = "toml"
version = "0.1.25"
source = "git+https://github.com/alexcrichton/toml-rs#67138b6c8eb7c9420eb212b5bae3a4170f16ec0b"
dependencies = [
 "rustc-serialize 0.3.16 (registry+https://github.com/rust-lang/crates.io-index)",
]

[[package]]
name = "uuid"
version = "0.1.18"
source = "git+https://github.com/rust-lang/uuid.git#f644f234f7d2e901e932700c7f3c18b2ebc9346f"
dependencies = [
 "rand 0.3.12 (registry+https://github.com/rust-lang/crates.io-index)",
 "rustc-serialize 0.3.16 (registry+https://github.com/rust-lang/crates.io-index)",
]

[[package]]
name = "winapi"
version = "0.2.5"
source = "registry+https://github.com/rust-lang/crates.io-index"

[[package]]
name = "winapi-build"
version = "0.1.1"
source = "registry+https://github.com/rust-lang/crates.io-index"

